// !$*UTF8*$!
{
	archiveVersion = 1;
	classes = {
	};
	objectVersion = 50;
	objects = {

/* Begin PBXBuildFile section */
		540E8EE324AF129300CA4779 /* Collection+Extension.swift in Sources */ = {isa = PBXBuildFile; fileRef = 540E8EE224AF129300CA4779 /* Collection+Extension.swift */; };
		540E8EE624AF136300CA4779 /* Alamofire.framework in Frameworks */ = {isa = PBXBuildFile; fileRef = 540E8EE524AF136300CA4779 /* Alamofire.framework */; };
		540E8EEB24AF190D00CA4779 /* APIClient.swift in Sources */ = {isa = PBXBuildFile; fileRef = 540E8EEA24AF190D00CA4779 /* APIClient.swift */; };
		540E8EED24AF1B0F00CA4779 /* SwiftyJSON.framework in Frameworks */ = {isa = PBXBuildFile; fileRef = 540E8EEC24AF1B0F00CA4779 /* SwiftyJSON.framework */; };
		540E8EF024AF27D200CA4779 /* BookListGetRequest.swift in Sources */ = {isa = PBXBuildFile; fileRef = 540E8EEF24AF27D200CA4779 /* BookListGetRequest.swift */; };
		540E8EF524AF2B5D00CA4779 /* TimeZone+Extension.swift in Sources */ = {isa = PBXBuildFile; fileRef = 540E8EF424AF2B5D00CA4779 /* TimeZone+Extension.swift */; };
		540E8EF724AF2D4500CA4779 /* String+Date.swift in Sources */ = {isa = PBXBuildFile; fileRef = 540E8EF624AF2D4500CA4779 /* String+Date.swift */; };
		540E8EF924AF452C00CA4779 /* BookDetailViewController.swift in Sources */ = {isa = PBXBuildFile; fileRef = 540E8EF824AF452C00CA4779 /* BookDetailViewController.swift */; };
		540E8EFB24AF70C100CA4779 /* UIView+Extension.swift in Sources */ = {isa = PBXBuildFile; fileRef = 540E8EFA24AF70C100CA4779 /* UIView+Extension.swift */; };
		540E8EFD24B2589A00CA4779 /* BookListViewController.swift in Sources */ = {isa = PBXBuildFile; fileRef = 540E8EFC24B2589A00CA4779 /* BookListViewController.swift */; };
		540E8EFF24B258AA00CA4779 /* BookListViewController.storyboard in Resources */ = {isa = PBXBuildFile; fileRef = 540E8EFE24B258AA00CA4779 /* BookListViewController.storyboard */; };
		540E8F0124B363C600CA4779 /* BookListTopViewController.storyboard in Resources */ = {isa = PBXBuildFile; fileRef = 540E8F0024B363C600CA4779 /* BookListTopViewController.storyboard */; };
		5454AD1A24BCD64A005E9E66 /* UITableView+Cell.swift in Sources */ = {isa = PBXBuildFile; fileRef = 5454AD1224BCD64A005E9E66 /* UITableView+Cell.swift */; };
		5454AD1B24BCD64A005E9E66 /* UICollectionView+Cell.swift in Sources */ = {isa = PBXBuildFile; fileRef = 5454AD1324BCD64A005E9E66 /* UICollectionView+Cell.swift */; };
		5454AD1C24BCD64A005E9E66 /* Storyboardable.swift in Sources */ = {isa = PBXBuildFile; fileRef = 5454AD1424BCD64A005E9E66 /* Storyboardable.swift */; };
		5454AD1D24BCD64A005E9E66 /* Nibable.swift in Sources */ = {isa = PBXBuildFile; fileRef = 5454AD1524BCD64A005E9E66 /* Nibable.swift */; };
		5454AD2124BCD6B2005E9E66 /* NSObjectProtocol+ClassName.swift in Sources */ = {isa = PBXBuildFile; fileRef = 5454AD2024BCD6B2005E9E66 /* NSObjectProtocol+ClassName.swift */; };
		5454AD2324BD8E55005E9E66 /* SDWebImage+Extension.swift in Sources */ = {isa = PBXBuildFile; fileRef = 5454AD2224BD8E55005E9E66 /* SDWebImage+Extension.swift */; };
		5454AD2824BD90AB005E9E66 /* SDWebImage.framework in Frameworks */ = {isa = PBXBuildFile; fileRef = 5454AD2724BD90AB005E9E66 /* SDWebImage.framework */; };
		5454AD2D24BDA100005E9E66 /* BookCollectionRepository.swift in Sources */ = {isa = PBXBuildFile; fileRef = 5454AD2C24BDA100005E9E66 /* BookCollectionRepository.swift */; };
		5454AD3024BDA44A005E9E66 /* MemoryCache.swift in Sources */ = {isa = PBXBuildFile; fileRef = 5454AD2F24BDA44A005E9E66 /* MemoryCache.swift */; };
		5454AD3224BDA4E5005E9E66 /* Int+Extension.swift in Sources */ = {isa = PBXBuildFile; fileRef = 5454AD3124BDA4E4005E9E66 /* Int+Extension.swift */; };
		5454AD3424BDA500005E9E66 /* NSNumber+String.swift in Sources */ = {isa = PBXBuildFile; fileRef = 5454AD3324BDA500005E9E66 /* NSNumber+String.swift */; };
		5454AD3724BDA596005E9E66 /* EzTask.swift in Sources */ = {isa = PBXBuildFile; fileRef = 5454AD3624BDA596005E9E66 /* EzTask.swift */; };
		5454AD3924BDB163005E9E66 /* String+Extension.swift in Sources */ = {isa = PBXBuildFile; fileRef = 5454AD3824BDB163005E9E66 /* String+Extension.swift */; };
		5454AD3B24BDB347005E9E66 /* BookCollection.swift in Sources */ = {isa = PBXBuildFile; fileRef = 5454AD3A24BDB347005E9E66 /* BookCollection.swift */; };
		5454AD3D24BDB3D6005E9E66 /* TopCategorizedBookLine.swift in Sources */ = {isa = PBXBuildFile; fileRef = 5454AD3C24BDB3D6005E9E66 /* TopCategorizedBookLine.swift */; };
		5454AD3F24BDB3EC005E9E66 /* SubCategorizedBookLine.swift in Sources */ = {isa = PBXBuildFile; fileRef = 5454AD3E24BDB3EC005E9E66 /* SubCategorizedBookLine.swift */; };
		5454AD4124BDB418005E9E66 /* Book.swift in Sources */ = {isa = PBXBuildFile; fileRef = 5454AD4024BDB418005E9E66 /* Book.swift */; };
		5454AD4424BDB599005E9E66 /* Notificationable.swift in Sources */ = {isa = PBXBuildFile; fileRef = 5454AD4324BDB599005E9E66 /* Notificationable.swift */; };
		5454AD4624BDB9E1005E9E66 /* BookDetailViewController.storyboard in Resources */ = {isa = PBXBuildFile; fileRef = 5454AD4524BDB9E1005E9E66 /* BookDetailViewController.storyboard */; };
		5454AD4924BDBF4D005E9E66 /* AttributedStringDecorator.swift in Sources */ = {isa = PBXBuildFile; fileRef = 5454AD4824BDBF4D005E9E66 /* AttributedStringDecorator.swift */; };
		5454AD4C24BDC3AC005E9E66 /* BookImageView.swift in Sources */ = {isa = PBXBuildFile; fileRef = 5454AD4B24BDC3AC005E9E66 /* BookImageView.swift */; };
		5454AD4F24BDEB39005E9E66 /* RealmSwift.framework in Frameworks */ = {isa = PBXBuildFile; fileRef = 5454AD4D24BDEB39005E9E66 /* RealmSwift.framework */; };
		5454AD5024BDEB39005E9E66 /* Realm.framework in Frameworks */ = {isa = PBXBuildFile; fileRef = 5454AD4E24BDEB39005E9E66 /* Realm.framework */; };
		5454AD5324BE008E005E9E66 /* MyBookRecord.swift in Sources */ = {isa = PBXBuildFile; fileRef = 5454AD5224BE008E005E9E66 /* MyBookRecord.swift */; };
		5454AD5524BE03E1005E9E66 /* MyBookRepository.swift in Sources */ = {isa = PBXBuildFile; fileRef = 5454AD5424BE03E1005E9E66 /* MyBookRepository.swift */; };
		5454AD5724BE3800005E9E66 /* PKHUD.framework in Frameworks */ = {isa = PBXBuildFile; fileRef = 5454AD5624BE3800005E9E66 /* PKHUD.framework */; };
		5454AD5C24BE43BE005E9E66 /* ProgressHUD.swift in Sources */ = {isa = PBXBuildFile; fileRef = 5454AD5B24BE43BE005E9E66 /* ProgressHUD.swift */; };
		5454AD5E24BEAA95005E9E66 /* HeaderTabCollectionCell.swift in Sources */ = {isa = PBXBuildFile; fileRef = 5454AD5D24BEAA95005E9E66 /* HeaderTabCollectionCell.swift */; };
		5454AD6224BEB6C7005E9E66 /* Theme.swift in Sources */ = {isa = PBXBuildFile; fileRef = 5454AD6124BEB6C7005E9E66 /* Theme.swift */; };
		5454AD6424BEB8A6005E9E66 /* Colors.xcassets in Resources */ = {isa = PBXBuildFile; fileRef = 5454AD6324BEB8A6005E9E66 /* Colors.xcassets */; };
		5454AD6624BEBDAA005E9E66 /* BookDetailPresenter.swift in Sources */ = {isa = PBXBuildFile; fileRef = 5454AD6524BEBDAA005E9E66 /* BookDetailPresenter.swift */; };
		5454AD6A24BEDC97005E9E66 /* BookSpec.swift in Sources */ = {isa = PBXBuildFile; fileRef = 5454AD6924BEDC97005E9E66 /* BookSpec.swift */; };
		54604BDF24AF0D23005E59E2 /* AppDelegate.swift in Sources */ = {isa = PBXBuildFile; fileRef = 54604BDE24AF0D23005E59E2 /* AppDelegate.swift */; };
		54604BE124AF0D23005E59E2 /* SceneDelegate.swift in Sources */ = {isa = PBXBuildFile; fileRef = 54604BE024AF0D23005E59E2 /* SceneDelegate.swift */; };
		54604BE324AF0D23005E59E2 /* BookListTopViewController.swift in Sources */ = {isa = PBXBuildFile; fileRef = 54604BE224AF0D23005E59E2 /* BookListTopViewController.swift */; };
		54604BE824AF0D25005E59E2 /* Assets.xcassets in Resources */ = {isa = PBXBuildFile; fileRef = 54604BE724AF0D25005E59E2 /* Assets.xcassets */; };
		54604BEB24AF0D25005E59E2 /* LaunchScreen.storyboard in Resources */ = {isa = PBXBuildFile; fileRef = 54604BE924AF0D25005E59E2 /* LaunchScreen.storyboard */; };
		54604BF624AF0D25005E59E2 /* globee_kadaiTests.swift in Sources */ = {isa = PBXBuildFile; fileRef = 54604BF524AF0D25005E59E2 /* globee_kadaiTests.swift */; };
		54604C0124AF0D25005E59E2 /* globee_kadaiUITests.swift in Sources */ = {isa = PBXBuildFile; fileRef = 54604C0024AF0D25005E59E2 /* globee_kadaiUITests.swift */; };
		54A7965624BEF5C700DC4176 /* Locale+Extension.swift in Sources */ = {isa = PBXBuildFile; fileRef = 54A7965524BEF5C700DC4176 /* Locale+Extension.swift */; };
		54A7965E24BF3C3700DC4176 /* EzTaskSpec.swift in Sources */ = {isa = PBXBuildFile; fileRef = 54A7965924BF3C3700DC4176 /* EzTaskSpec.swift */; };
		54A7966024BF3C3700DC4176 /* MemoryCacheSpec.swift in Sources */ = {isa = PBXBuildFile; fileRef = 54A7965C24BF3C3700DC4176 /* MemoryCacheSpec.swift */; };
		54A7966324BF3C6400DC4176 /* NotificationSpec.swift in Sources */ = {isa = PBXBuildFile; fileRef = 54A7966224BF3C6400DC4176 /* NotificationSpec.swift */; };
		54A7966B24BF3CB900DC4176 /* CollectionExtensionSpec.swift in Sources */ = {isa = PBXBuildFile; fileRef = 54A7966524BF3CB900DC4176 /* CollectionExtensionSpec.swift */; };
		54A7966C24BF3CB900DC4176 /* Int+ExtensionSpec.swift in Sources */ = {isa = PBXBuildFile; fileRef = 54A7966624BF3CB900DC4176 /* Int+ExtensionSpec.swift */; };
		54A7966D24BF3CB900DC4176 /* NSNumber+ExtensionSpec.swift in Sources */ = {isa = PBXBuildFile; fileRef = 54A7966724BF3CB900DC4176 /* NSNumber+ExtensionSpec.swift */; };
		54A7966E24BF3CB900DC4176 /* NSObjectProtocolClassNameSpec.swift in Sources */ = {isa = PBXBuildFile; fileRef = 54A7966824BF3CB900DC4176 /* NSObjectProtocolClassNameSpec.swift */; };
		54A7966F24BF3CB900DC4176 /* String+ExtensionSpec.swift in Sources */ = {isa = PBXBuildFile; fileRef = 54A7966924BF3CB900DC4176 /* String+ExtensionSpec.swift */; };
		54A7967024BF3CB900DC4176 /* StringDateSpec.swift in Sources */ = {isa = PBXBuildFile; fileRef = 54A7966A24BF3CB900DC4176 /* StringDateSpec.swift */; };
		54A7967624BF3CD500DC4176 /* UITableViewCellSpec.swift in Sources */ = {isa = PBXBuildFile; fileRef = 54A7967124BF3CD500DC4176 /* UITableViewCellSpec.swift */; };
		54A7967724BF3CD500DC4176 /* UICollectionViewCellSpec.swift in Sources */ = {isa = PBXBuildFile; fileRef = 54A7967224BF3CD500DC4176 /* UICollectionViewCellSpec.swift */; };
		54A7967824BF3CD500DC4176 /* StoryboardableSpec.swift in Sources */ = {isa = PBXBuildFile; fileRef = 54A7967324BF3CD500DC4176 /* StoryboardableSpec.swift */; };
		54A7967924BF3CD500DC4176 /* UIViewExtensionSpec.swift in Sources */ = {isa = PBXBuildFile; fileRef = 54A7967424BF3CD500DC4176 /* UIViewExtensionSpec.swift */; };
		54A7967A24BF3CD500DC4176 /* NibableSpec.swift in Sources */ = {isa = PBXBuildFile; fileRef = 54A7967524BF3CD500DC4176 /* NibableSpec.swift */; };
		54A7967D24BF3E1F00DC4176 /* Date+String.swift in Sources */ = {isa = PBXBuildFile; fileRef = 54A7967C24BF3E1F00DC4176 /* Date+String.swift */; };
		54A7967F24BF3E3700DC4176 /* DateStringSpec.swift in Sources */ = {isa = PBXBuildFile; fileRef = 54A7967E24BF3E3700DC4176 /* DateStringSpec.swift */; };
		54A7968124BF3E6200DC4176 /* Dictionary+Extension.swift in Sources */ = {isa = PBXBuildFile; fileRef = 54A7968024BF3E6200DC4176 /* Dictionary+Extension.swift */; };
		54A7968324BF3E7200DC4176 /* DictionaryExtensionSpec.swift in Sources */ = {isa = PBXBuildFile; fileRef = 54A7968224BF3E7200DC4176 /* DictionaryExtensionSpec.swift */; };
		54A7969524BF444900DC4176 /* MyBookRepositorySpec.swift in Sources */ = {isa = PBXBuildFile; fileRef = 54A7969424BF444900DC4176 /* MyBookRepositorySpec.swift */; };
		54A7969624BF4ECA00DC4176 /* FugaTableViewCell.xib in Resources */ = {isa = PBXBuildFile; fileRef = 54A7969324BF441400DC4176 /* FugaTableViewCell.xib */; };
		54A7969724BF4ECA00DC4176 /* CollectionHeaderView.xib in Resources */ = {isa = PBXBuildFile; fileRef = 54A7969124BF441400DC4176 /* CollectionHeaderView.xib */; };
		54A7969824BF4ECA00DC4176 /* FugaCollectionViewCell.xib in Resources */ = {isa = PBXBuildFile; fileRef = 54A7969224BF441400DC4176 /* FugaCollectionViewCell.xib */; };
		54A7969924BF4ECA00DC4176 /* HogeViewController.storyboard in Resources */ = {isa = PBXBuildFile; fileRef = 54A7969024BF441400DC4176 /* HogeViewController.storyboard */; };
		54B74C7824B4F78200F6640D /* BookListPageViewController.swift in Sources */ = {isa = PBXBuildFile; fileRef = 54B74C7724B4F78200F6640D /* BookListPageViewController.swift */; };
		54F6420724BEDD830033580A /* book_all.json in Resources */ = {isa = PBXBuildFile; fileRef = 54F6420624BEDD830033580A /* book_all.json */; };
		54F6420A24BEDE310033580A /* BundleHelper.swift in Sources */ = {isa = PBXBuildFile; fileRef = 54F6420924BEDE310033580A /* BundleHelper.swift */; };
		54F6420D24BEDFF80033580A /* Quick.framework in Frameworks */ = {isa = PBXBuildFile; fileRef = 54F6420B24BEDFF80033580A /* Quick.framework */; };
		54F6420E24BEDFF80033580A /* Nimble.framework in Frameworks */ = {isa = PBXBuildFile; fileRef = 54F6420C24BEDFF80033580A /* Nimble.framework */; };
		54F6421024BEE10B0033580A /* BookCollectionSpec.swift in Sources */ = {isa = PBXBuildFile; fileRef = 54F6420F24BEE10B0033580A /* BookCollectionSpec.swift */; };
		54F6421224BEE2CD0033580A /* TopCategorizedBookLineSpec.swift in Sources */ = {isa = PBXBuildFile; fileRef = 54F6421124BEE2CD0033580A /* TopCategorizedBookLineSpec.swift */; };
		54F6421424BEE3B30033580A /* SubCategorizedBookLineSpec.swift in Sources */ = {isa = PBXBuildFile; fileRef = 54F6421324BEE3B30033580A /* SubCategorizedBookLineSpec.swift */; };
		54F6421824BEE7110033580A /* BookDetailPresenterSpec.swift in Sources */ = {isa = PBXBuildFile; fileRef = 54F6421724BEE7110033580A /* BookDetailPresenterSpec.swift */; };
		54F6421A24BEE7A20033580A /* MockVerifyable.swift in Sources */ = {isa = PBXBuildFile; fileRef = 54F6421924BEE7A20033580A /* MockVerifyable.swift */; };
		54F6421C24BEE8050033580A /* UIViewControllerMock.swift in Sources */ = {isa = PBXBuildFile; fileRef = 54F6421B24BEE8050033580A /* UIViewControllerMock.swift */; };
/* End PBXBuildFile section */

/* Begin PBXContainerItemProxy section */
		54604BF224AF0D25005E59E2 /* PBXContainerItemProxy */ = {
			isa = PBXContainerItemProxy;
			containerPortal = 54604BD324AF0D23005E59E2 /* Project object */;
			proxyType = 1;
			remoteGlobalIDString = 54604BDA24AF0D23005E59E2;
			remoteInfo = globee_kadai;
		};
		54604BFD24AF0D25005E59E2 /* PBXContainerItemProxy */ = {
			isa = PBXContainerItemProxy;
			containerPortal = 54604BD324AF0D23005E59E2 /* Project object */;
			proxyType = 1;
			remoteGlobalIDString = 54604BDA24AF0D23005E59E2;
			remoteInfo = globee_kadai;
		};
/* End PBXContainerItemProxy section */

/* Begin PBXFileReference section */
		540E8EE224AF129300CA4779 /* Collection+Extension.swift */ = {isa = PBXFileReference; fileEncoding = 4; lastKnownFileType = sourcecode.swift; path = "Collection+Extension.swift"; sourceTree = "<group>"; };
		540E8EE524AF136300CA4779 /* Alamofire.framework */ = {isa = PBXFileReference; lastKnownFileType = wrapper.framework; name = Alamofire.framework; path = Carthage/Build/iOS/Alamofire.framework; sourceTree = "<group>"; };
		540E8EEA24AF190D00CA4779 /* APIClient.swift */ = {isa = PBXFileReference; lastKnownFileType = sourcecode.swift; path = APIClient.swift; sourceTree = "<group>"; };
		540E8EEC24AF1B0F00CA4779 /* SwiftyJSON.framework */ = {isa = PBXFileReference; lastKnownFileType = wrapper.framework; name = SwiftyJSON.framework; path = Carthage/Build/iOS/SwiftyJSON.framework; sourceTree = "<group>"; };
		540E8EEF24AF27D200CA4779 /* BookListGetRequest.swift */ = {isa = PBXFileReference; lastKnownFileType = sourcecode.swift; path = BookListGetRequest.swift; sourceTree = "<group>"; };
		540E8EF424AF2B5D00CA4779 /* TimeZone+Extension.swift */ = {isa = PBXFileReference; lastKnownFileType = sourcecode.swift; path = "TimeZone+Extension.swift"; sourceTree = "<group>"; };
		540E8EF624AF2D4500CA4779 /* String+Date.swift */ = {isa = PBXFileReference; fileEncoding = 4; lastKnownFileType = sourcecode.swift; path = "String+Date.swift"; sourceTree = "<group>"; };
		540E8EF824AF452C00CA4779 /* BookDetailViewController.swift */ = {isa = PBXFileReference; lastKnownFileType = sourcecode.swift; path = BookDetailViewController.swift; sourceTree = "<group>"; };
		540E8EFA24AF70C100CA4779 /* UIView+Extension.swift */ = {isa = PBXFileReference; lastKnownFileType = sourcecode.swift; path = "UIView+Extension.swift"; sourceTree = "<group>"; };
		540E8EFC24B2589A00CA4779 /* BookListViewController.swift */ = {isa = PBXFileReference; lastKnownFileType = sourcecode.swift; path = BookListViewController.swift; sourceTree = "<group>"; };
		540E8EFE24B258AA00CA4779 /* BookListViewController.storyboard */ = {isa = PBXFileReference; lastKnownFileType = file.storyboard; path = BookListViewController.storyboard; sourceTree = "<group>"; };
		540E8F0024B363C600CA4779 /* BookListTopViewController.storyboard */ = {isa = PBXFileReference; fileEncoding = 4; lastKnownFileType = file.storyboard; path = BookListTopViewController.storyboard; sourceTree = "<group>"; };
		5454AD1224BCD64A005E9E66 /* UITableView+Cell.swift */ = {isa = PBXFileReference; fileEncoding = 4; lastKnownFileType = sourcecode.swift; path = "UITableView+Cell.swift"; sourceTree = "<group>"; };
		5454AD1324BCD64A005E9E66 /* UICollectionView+Cell.swift */ = {isa = PBXFileReference; fileEncoding = 4; lastKnownFileType = sourcecode.swift; path = "UICollectionView+Cell.swift"; sourceTree = "<group>"; };
		5454AD1424BCD64A005E9E66 /* Storyboardable.swift */ = {isa = PBXFileReference; fileEncoding = 4; lastKnownFileType = sourcecode.swift; path = Storyboardable.swift; sourceTree = "<group>"; };
		5454AD1524BCD64A005E9E66 /* Nibable.swift */ = {isa = PBXFileReference; fileEncoding = 4; lastKnownFileType = sourcecode.swift; path = Nibable.swift; sourceTree = "<group>"; };
		5454AD2024BCD6B2005E9E66 /* NSObjectProtocol+ClassName.swift */ = {isa = PBXFileReference; fileEncoding = 4; lastKnownFileType = sourcecode.swift; path = "NSObjectProtocol+ClassName.swift"; sourceTree = "<group>"; };
		5454AD2224BD8E55005E9E66 /* SDWebImage+Extension.swift */ = {isa = PBXFileReference; fileEncoding = 4; lastKnownFileType = sourcecode.swift; path = "SDWebImage+Extension.swift"; sourceTree = "<group>"; };
		5454AD2724BD90AB005E9E66 /* SDWebImage.framework */ = {isa = PBXFileReference; lastKnownFileType = wrapper.framework; name = SDWebImage.framework; path = Carthage/Build/iOS/SDWebImage.framework; sourceTree = "<group>"; };
		5454AD2C24BDA100005E9E66 /* BookCollectionRepository.swift */ = {isa = PBXFileReference; lastKnownFileType = sourcecode.swift; path = BookCollectionRepository.swift; sourceTree = "<group>"; };
		5454AD2F24BDA44A005E9E66 /* MemoryCache.swift */ = {isa = PBXFileReference; fileEncoding = 4; lastKnownFileType = sourcecode.swift; path = MemoryCache.swift; sourceTree = "<group>"; };
		5454AD3124BDA4E4005E9E66 /* Int+Extension.swift */ = {isa = PBXFileReference; fileEncoding = 4; lastKnownFileType = sourcecode.swift; path = "Int+Extension.swift"; sourceTree = "<group>"; };
		5454AD3324BDA500005E9E66 /* NSNumber+String.swift */ = {isa = PBXFileReference; fileEncoding = 4; lastKnownFileType = sourcecode.swift; path = "NSNumber+String.swift"; sourceTree = "<group>"; };
		5454AD3624BDA596005E9E66 /* EzTask.swift */ = {isa = PBXFileReference; fileEncoding = 4; lastKnownFileType = sourcecode.swift; path = EzTask.swift; sourceTree = "<group>"; };
		5454AD3824BDB163005E9E66 /* String+Extension.swift */ = {isa = PBXFileReference; fileEncoding = 4; lastKnownFileType = sourcecode.swift; path = "String+Extension.swift"; sourceTree = "<group>"; };
		5454AD3A24BDB347005E9E66 /* BookCollection.swift */ = {isa = PBXFileReference; lastKnownFileType = sourcecode.swift; path = BookCollection.swift; sourceTree = "<group>"; };
		5454AD3C24BDB3D6005E9E66 /* TopCategorizedBookLine.swift */ = {isa = PBXFileReference; lastKnownFileType = sourcecode.swift; path = TopCategorizedBookLine.swift; sourceTree = "<group>"; };
		5454AD3E24BDB3EC005E9E66 /* SubCategorizedBookLine.swift */ = {isa = PBXFileReference; lastKnownFileType = sourcecode.swift; path = SubCategorizedBookLine.swift; sourceTree = "<group>"; };
		5454AD4024BDB418005E9E66 /* Book.swift */ = {isa = PBXFileReference; lastKnownFileType = sourcecode.swift; path = Book.swift; sourceTree = "<group>"; };
		5454AD4324BDB599005E9E66 /* Notificationable.swift */ = {isa = PBXFileReference; fileEncoding = 4; lastKnownFileType = sourcecode.swift; path = Notificationable.swift; sourceTree = "<group>"; };
		5454AD4524BDB9E1005E9E66 /* BookDetailViewController.storyboard */ = {isa = PBXFileReference; lastKnownFileType = file.storyboard; path = BookDetailViewController.storyboard; sourceTree = "<group>"; };
		5454AD4824BDBF4D005E9E66 /* AttributedStringDecorator.swift */ = {isa = PBXFileReference; fileEncoding = 4; lastKnownFileType = sourcecode.swift; path = AttributedStringDecorator.swift; sourceTree = "<group>"; };
		5454AD4B24BDC3AC005E9E66 /* BookImageView.swift */ = {isa = PBXFileReference; lastKnownFileType = sourcecode.swift; path = BookImageView.swift; sourceTree = "<group>"; };
		5454AD4D24BDEB39005E9E66 /* RealmSwift.framework */ = {isa = PBXFileReference; lastKnownFileType = wrapper.framework; name = RealmSwift.framework; path = Carthage/Build/iOS/RealmSwift.framework; sourceTree = "<group>"; };
		5454AD4E24BDEB39005E9E66 /* Realm.framework */ = {isa = PBXFileReference; lastKnownFileType = wrapper.framework; name = Realm.framework; path = Carthage/Build/iOS/Realm.framework; sourceTree = "<group>"; };
		5454AD5224BE008E005E9E66 /* MyBookRecord.swift */ = {isa = PBXFileReference; lastKnownFileType = sourcecode.swift; path = MyBookRecord.swift; sourceTree = "<group>"; };
		5454AD5424BE03E1005E9E66 /* MyBookRepository.swift */ = {isa = PBXFileReference; lastKnownFileType = sourcecode.swift; path = MyBookRepository.swift; sourceTree = "<group>"; };
		5454AD5624BE3800005E9E66 /* PKHUD.framework */ = {isa = PBXFileReference; lastKnownFileType = wrapper.framework; name = PKHUD.framework; path = Carthage/Build/iOS/PKHUD.framework; sourceTree = "<group>"; };
		5454AD5B24BE43BE005E9E66 /* ProgressHUD.swift */ = {isa = PBXFileReference; lastKnownFileType = sourcecode.swift; path = ProgressHUD.swift; sourceTree = "<group>"; };
		5454AD5D24BEAA95005E9E66 /* HeaderTabCollectionCell.swift */ = {isa = PBXFileReference; lastKnownFileType = sourcecode.swift; path = HeaderTabCollectionCell.swift; sourceTree = "<group>"; };
		5454AD6124BEB6C7005E9E66 /* Theme.swift */ = {isa = PBXFileReference; lastKnownFileType = sourcecode.swift; path = Theme.swift; sourceTree = "<group>"; };
		5454AD6324BEB8A6005E9E66 /* Colors.xcassets */ = {isa = PBXFileReference; lastKnownFileType = folder.assetcatalog; path = Colors.xcassets; sourceTree = "<group>"; };
		5454AD6524BEBDAA005E9E66 /* BookDetailPresenter.swift */ = {isa = PBXFileReference; lastKnownFileType = sourcecode.swift; path = BookDetailPresenter.swift; sourceTree = "<group>"; };
		5454AD6924BEDC97005E9E66 /* BookSpec.swift */ = {isa = PBXFileReference; lastKnownFileType = sourcecode.swift; path = BookSpec.swift; sourceTree = "<group>"; };
		54604BDB24AF0D23005E59E2 /* globee_kadai.app */ = {isa = PBXFileReference; explicitFileType = wrapper.application; includeInIndex = 0; path = globee_kadai.app; sourceTree = BUILT_PRODUCTS_DIR; };
		54604BDE24AF0D23005E59E2 /* AppDelegate.swift */ = {isa = PBXFileReference; lastKnownFileType = sourcecode.swift; path = AppDelegate.swift; sourceTree = "<group>"; };
		54604BE024AF0D23005E59E2 /* SceneDelegate.swift */ = {isa = PBXFileReference; lastKnownFileType = sourcecode.swift; path = SceneDelegate.swift; sourceTree = "<group>"; };
		54604BE224AF0D23005E59E2 /* BookListTopViewController.swift */ = {isa = PBXFileReference; lastKnownFileType = sourcecode.swift; path = BookListTopViewController.swift; sourceTree = "<group>"; };
		54604BE724AF0D25005E59E2 /* Assets.xcassets */ = {isa = PBXFileReference; lastKnownFileType = folder.assetcatalog; path = Assets.xcassets; sourceTree = "<group>"; };
		54604BEA24AF0D25005E59E2 /* Base */ = {isa = PBXFileReference; lastKnownFileType = file.storyboard; name = Base; path = Base.lproj/LaunchScreen.storyboard; sourceTree = "<group>"; };
		54604BEC24AF0D25005E59E2 /* Info.plist */ = {isa = PBXFileReference; lastKnownFileType = text.plist.xml; path = Info.plist; sourceTree = "<group>"; };
		54604BF124AF0D25005E59E2 /* globee_kadaiTests.xctest */ = {isa = PBXFileReference; explicitFileType = wrapper.cfbundle; includeInIndex = 0; path = globee_kadaiTests.xctest; sourceTree = BUILT_PRODUCTS_DIR; };
		54604BF524AF0D25005E59E2 /* globee_kadaiTests.swift */ = {isa = PBXFileReference; lastKnownFileType = sourcecode.swift; path = globee_kadaiTests.swift; sourceTree = "<group>"; };
		54604BF724AF0D25005E59E2 /* Info.plist */ = {isa = PBXFileReference; lastKnownFileType = text.plist.xml; path = Info.plist; sourceTree = "<group>"; };
		54604BFC24AF0D25005E59E2 /* globee_kadaiUITests.xctest */ = {isa = PBXFileReference; explicitFileType = wrapper.cfbundle; includeInIndex = 0; path = globee_kadaiUITests.xctest; sourceTree = BUILT_PRODUCTS_DIR; };
		54604C0024AF0D25005E59E2 /* globee_kadaiUITests.swift */ = {isa = PBXFileReference; lastKnownFileType = sourcecode.swift; path = globee_kadaiUITests.swift; sourceTree = "<group>"; };
		54604C0224AF0D25005E59E2 /* Info.plist */ = {isa = PBXFileReference; lastKnownFileType = text.plist.xml; path = Info.plist; sourceTree = "<group>"; };
		54A7965524BEF5C700DC4176 /* Locale+Extension.swift */ = {isa = PBXFileReference; fileEncoding = 4; lastKnownFileType = sourcecode.swift; path = "Locale+Extension.swift"; sourceTree = "<group>"; };
		54A7965924BF3C3700DC4176 /* EzTaskSpec.swift */ = {isa = PBXFileReference; fileEncoding = 4; lastKnownFileType = sourcecode.swift; path = EzTaskSpec.swift; sourceTree = "<group>"; };
		54A7965C24BF3C3700DC4176 /* MemoryCacheSpec.swift */ = {isa = PBXFileReference; fileEncoding = 4; lastKnownFileType = sourcecode.swift; path = MemoryCacheSpec.swift; sourceTree = "<group>"; };
		54A7966224BF3C6400DC4176 /* NotificationSpec.swift */ = {isa = PBXFileReference; fileEncoding = 4; lastKnownFileType = sourcecode.swift; path = NotificationSpec.swift; sourceTree = "<group>"; };
		54A7966524BF3CB900DC4176 /* CollectionExtensionSpec.swift */ = {isa = PBXFileReference; fileEncoding = 4; lastKnownFileType = sourcecode.swift; path = CollectionExtensionSpec.swift; sourceTree = "<group>"; };
		54A7966624BF3CB900DC4176 /* Int+ExtensionSpec.swift */ = {isa = PBXFileReference; fileEncoding = 4; lastKnownFileType = sourcecode.swift; path = "Int+ExtensionSpec.swift"; sourceTree = "<group>"; };
		54A7966724BF3CB900DC4176 /* NSNumber+ExtensionSpec.swift */ = {isa = PBXFileReference; fileEncoding = 4; lastKnownFileType = sourcecode.swift; path = "NSNumber+ExtensionSpec.swift"; sourceTree = "<group>"; };
		54A7966824BF3CB900DC4176 /* NSObjectProtocolClassNameSpec.swift */ = {isa = PBXFileReference; fileEncoding = 4; lastKnownFileType = sourcecode.swift; path = NSObjectProtocolClassNameSpec.swift; sourceTree = "<group>"; };
		54A7966924BF3CB900DC4176 /* String+ExtensionSpec.swift */ = {isa = PBXFileReference; fileEncoding = 4; lastKnownFileType = sourcecode.swift; path = "String+ExtensionSpec.swift"; sourceTree = "<group>"; };
		54A7966A24BF3CB900DC4176 /* StringDateSpec.swift */ = {isa = PBXFileReference; fileEncoding = 4; lastKnownFileType = sourcecode.swift; path = StringDateSpec.swift; sourceTree = "<group>"; };
		54A7967124BF3CD500DC4176 /* UITableViewCellSpec.swift */ = {isa = PBXFileReference; fileEncoding = 4; lastKnownFileType = sourcecode.swift; path = UITableViewCellSpec.swift; sourceTree = "<group>"; };
		54A7967224BF3CD500DC4176 /* UICollectionViewCellSpec.swift */ = {isa = PBXFileReference; fileEncoding = 4; lastKnownFileType = sourcecode.swift; path = UICollectionViewCellSpec.swift; sourceTree = "<group>"; };
		54A7967324BF3CD500DC4176 /* StoryboardableSpec.swift */ = {isa = PBXFileReference; fileEncoding = 4; lastKnownFileType = sourcecode.swift; path = StoryboardableSpec.swift; sourceTree = "<group>"; };
		54A7967424BF3CD500DC4176 /* UIViewExtensionSpec.swift */ = {isa = PBXFileReference; fileEncoding = 4; lastKnownFileType = sourcecode.swift; path = UIViewExtensionSpec.swift; sourceTree = "<group>"; };
		54A7967524BF3CD500DC4176 /* NibableSpec.swift */ = {isa = PBXFileReference; fileEncoding = 4; lastKnownFileType = sourcecode.swift; path = NibableSpec.swift; sourceTree = "<group>"; };
		54A7967C24BF3E1F00DC4176 /* Date+String.swift */ = {isa = PBXFileReference; fileEncoding = 4; lastKnownFileType = sourcecode.swift; path = "Date+String.swift"; sourceTree = "<group>"; };
		54A7967E24BF3E3700DC4176 /* DateStringSpec.swift */ = {isa = PBXFileReference; fileEncoding = 4; lastKnownFileType = sourcecode.swift; path = DateStringSpec.swift; sourceTree = "<group>"; };
		54A7968024BF3E6200DC4176 /* Dictionary+Extension.swift */ = {isa = PBXFileReference; fileEncoding = 4; lastKnownFileType = sourcecode.swift; path = "Dictionary+Extension.swift"; sourceTree = "<group>"; };
		54A7968224BF3E7200DC4176 /* DictionaryExtensionSpec.swift */ = {isa = PBXFileReference; fileEncoding = 4; lastKnownFileType = sourcecode.swift; path = DictionaryExtensionSpec.swift; sourceTree = "<group>"; };
		54A7969024BF441400DC4176 /* HogeViewController.storyboard */ = {isa = PBXFileReference; lastKnownFileType = file.storyboard; path = HogeViewController.storyboard; sourceTree = "<group>"; };
		54A7969124BF441400DC4176 /* CollectionHeaderView.xib */ = {isa = PBXFileReference; lastKnownFileType = file.xib; path = CollectionHeaderView.xib; sourceTree = "<group>"; };
		54A7969224BF441400DC4176 /* FugaCollectionViewCell.xib */ = {isa = PBXFileReference; lastKnownFileType = file.xib; path = FugaCollectionViewCell.xib; sourceTree = "<group>"; };
		54A7969324BF441400DC4176 /* FugaTableViewCell.xib */ = {isa = PBXFileReference; lastKnownFileType = file.xib; path = FugaTableViewCell.xib; sourceTree = "<group>"; };
		54A7969424BF444900DC4176 /* MyBookRepositorySpec.swift */ = {isa = PBXFileReference; lastKnownFileType = sourcecode.swift; path = MyBookRepositorySpec.swift; sourceTree = "<group>"; };
		54B74C7724B4F78200F6640D /* BookListPageViewController.swift */ = {isa = PBXFileReference; lastKnownFileType = sourcecode.swift; path = BookListPageViewController.swift; sourceTree = "<group>"; };
		54F6420624BEDD830033580A /* book_all.json */ = {isa = PBXFileReference; fileEncoding = 4; lastKnownFileType = text.json; path = book_all.json; sourceTree = "<group>"; };
		54F6420924BEDE310033580A /* BundleHelper.swift */ = {isa = PBXFileReference; lastKnownFileType = sourcecode.swift; path = BundleHelper.swift; sourceTree = "<group>"; };
		54F6420B24BEDFF80033580A /* Quick.framework */ = {isa = PBXFileReference; lastKnownFileType = wrapper.framework; name = Quick.framework; path = Carthage/Build/iOS/Quick.framework; sourceTree = "<group>"; };
		54F6420C24BEDFF80033580A /* Nimble.framework */ = {isa = PBXFileReference; lastKnownFileType = wrapper.framework; name = Nimble.framework; path = Carthage/Build/iOS/Nimble.framework; sourceTree = "<group>"; };
		54F6420F24BEE10B0033580A /* BookCollectionSpec.swift */ = {isa = PBXFileReference; lastKnownFileType = sourcecode.swift; path = BookCollectionSpec.swift; sourceTree = "<group>"; };
		54F6421124BEE2CD0033580A /* TopCategorizedBookLineSpec.swift */ = {isa = PBXFileReference; lastKnownFileType = sourcecode.swift; path = TopCategorizedBookLineSpec.swift; sourceTree = "<group>"; };
		54F6421324BEE3B30033580A /* SubCategorizedBookLineSpec.swift */ = {isa = PBXFileReference; lastKnownFileType = sourcecode.swift; path = SubCategorizedBookLineSpec.swift; sourceTree = "<group>"; };
		54F6421724BEE7110033580A /* BookDetailPresenterSpec.swift */ = {isa = PBXFileReference; lastKnownFileType = sourcecode.swift; path = BookDetailPresenterSpec.swift; sourceTree = "<group>"; };
		54F6421924BEE7A20033580A /* MockVerifyable.swift */ = {isa = PBXFileReference; lastKnownFileType = sourcecode.swift; path = MockVerifyable.swift; sourceTree = "<group>"; };
		54F6421B24BEE8050033580A /* UIViewControllerMock.swift */ = {isa = PBXFileReference; lastKnownFileType = sourcecode.swift; path = UIViewControllerMock.swift; sourceTree = "<group>"; };
/* End PBXFileReference section */

/* Begin PBXFrameworksBuildPhase section */
		54604BD824AF0D23005E59E2 /* Frameworks */ = {
			isa = PBXFrameworksBuildPhase;
			buildActionMask = 2147483647;
			files = (
				5454AD5724BE3800005E9E66 /* PKHUD.framework in Frameworks */,
				5454AD5024BDEB39005E9E66 /* Realm.framework in Frameworks */,
				5454AD4F24BDEB39005E9E66 /* RealmSwift.framework in Frameworks */,
				540E8EE624AF136300CA4779 /* Alamofire.framework in Frameworks */,
				5454AD2824BD90AB005E9E66 /* SDWebImage.framework in Frameworks */,
				540E8EED24AF1B0F00CA4779 /* SwiftyJSON.framework in Frameworks */,
			);
			runOnlyForDeploymentPostprocessing = 0;
		};
		54604BEE24AF0D25005E59E2 /* Frameworks */ = {
			isa = PBXFrameworksBuildPhase;
			buildActionMask = 2147483647;
			files = (
				54F6420D24BEDFF80033580A /* Quick.framework in Frameworks */,
				54F6420E24BEDFF80033580A /* Nimble.framework in Frameworks */,
			);
			runOnlyForDeploymentPostprocessing = 0;
		};
		54604BF924AF0D25005E59E2 /* Frameworks */ = {
			isa = PBXFrameworksBuildPhase;
			buildActionMask = 2147483647;
			files = (
			);
			runOnlyForDeploymentPostprocessing = 0;
		};
/* End PBXFrameworksBuildPhase section */

/* Begin PBXGroup section */
		540E8EDE24AF10B200CA4779 /* Networks */ = {
			isa = PBXGroup;
			children = (
				540E8EDF24AF10BB00CA4779 /* Requests */,
				540E8EEA24AF190D00CA4779 /* APIClient.swift */,
			);
			path = Networks;
			sourceTree = "<group>";
		};
		540E8EDF24AF10BB00CA4779 /* Requests */ = {
			isa = PBXGroup;
			children = (
				540E8EEF24AF27D200CA4779 /* BookListGetRequest.swift */,
			);
			path = Requests;
			sourceTree = "<group>";
		};
		540E8EE424AF136200CA4779 /* Frameworks */ = {
			isa = PBXGroup;
			children = (
				54F6420C24BEDFF80033580A /* Nimble.framework */,
				54F6420B24BEDFF80033580A /* Quick.framework */,
				5454AD5624BE3800005E9E66 /* PKHUD.framework */,
				5454AD4E24BDEB39005E9E66 /* Realm.framework */,
				5454AD4D24BDEB39005E9E66 /* RealmSwift.framework */,
				5454AD2724BD90AB005E9E66 /* SDWebImage.framework */,
				540E8EEC24AF1B0F00CA4779 /* SwiftyJSON.framework */,
				540E8EE524AF136300CA4779 /* Alamofire.framework */,
			);
			name = Frameworks;
			sourceTree = "<group>";
		};
		540E8EEE24AF263100CA4779 /* Models */ = {
			isa = PBXGroup;
			children = (
				5454AD3A24BDB347005E9E66 /* BookCollection.swift */,
				5454AD3C24BDB3D6005E9E66 /* TopCategorizedBookLine.swift */,
				5454AD3E24BDB3EC005E9E66 /* SubCategorizedBookLine.swift */,
				5454AD4024BDB418005E9E66 /* Book.swift */,
			);
			path = Models;
			sourceTree = "<group>";
		};
		5454AD1124BCD64A005E9E66 /* UIKit+Extensions */ = {
			isa = PBXGroup;
			children = (
				540E8EFA24AF70C100CA4779 /* UIView+Extension.swift */,
				5454AD1224BCD64A005E9E66 /* UITableView+Cell.swift */,
				5454AD1324BCD64A005E9E66 /* UICollectionView+Cell.swift */,
				5454AD1424BCD64A005E9E66 /* Storyboardable.swift */,
				5454AD1524BCD64A005E9E66 /* Nibable.swift */,
			);
			path = "UIKit+Extensions";
			sourceTree = "<group>";
		};
		5454AD1F24BCD67F005E9E66 /* Foundation+Extensions */ = {
			isa = PBXGroup;
			children = (
				54A7965524BEF5C700DC4176 /* Locale+Extension.swift */,
				540E8EF424AF2B5D00CA4779 /* TimeZone+Extension.swift */,
				540E8EF624AF2D4500CA4779 /* String+Date.swift */,
				54A7968024BF3E6200DC4176 /* Dictionary+Extension.swift */,
				5454AD3324BDA500005E9E66 /* NSNumber+String.swift */,
				5454AD3824BDB163005E9E66 /* String+Extension.swift */,
				54A7967C24BF3E1F00DC4176 /* Date+String.swift */,
				540E8EE224AF129300CA4779 /* Collection+Extension.swift */,
				5454AD3124BDA4E4005E9E66 /* Int+Extension.swift */,
				5454AD2024BCD6B2005E9E66 /* NSObjectProtocol+ClassName.swift */,
			);
			path = "Foundation+Extensions";
			sourceTree = "<group>";
		};
		5454AD2B24BDA037005E9E66 /* Repositories */ = {
			isa = PBXGroup;
			children = (
				5454AD2C24BDA100005E9E66 /* BookCollectionRepository.swift */,
				5454AD5424BE03E1005E9E66 /* MyBookRepository.swift */,
			);
			path = Repositories;
			sourceTree = "<group>";
		};
		5454AD2E24BDA43C005E9E66 /* Cache */ = {
			isa = PBXGroup;
			children = (
				5454AD2F24BDA44A005E9E66 /* MemoryCache.swift */,
			);
			path = Cache;
			sourceTree = "<group>";
		};
		5454AD3524BDA580005E9E66 /* EzTask */ = {
			isa = PBXGroup;
			children = (
				5454AD3624BDA596005E9E66 /* EzTask.swift */,
			);
			path = EzTask;
			sourceTree = "<group>";
		};
		5454AD4224BDB57D005E9E66 /* Notificationable */ = {
			isa = PBXGroup;
			children = (
				5454AD4324BDB599005E9E66 /* Notificationable.swift */,
			);
			path = Notificationable;
			sourceTree = "<group>";
		};
		5454AD4724BDBF4D005E9E66 /* AttributedStringDecorator */ = {
			isa = PBXGroup;
			children = (
				5454AD4824BDBF4D005E9E66 /* AttributedStringDecorator.swift */,
			);
			path = AttributedStringDecorator;
			sourceTree = "<group>";
		};
		5454AD4A24BDC393005E9E66 /* Views */ = {
			isa = PBXGroup;
			children = (
				5454AD4B24BDC3AC005E9E66 /* BookImageView.swift */,
				5454AD5B24BE43BE005E9E66 /* ProgressHUD.swift */,
				5454AD5D24BEAA95005E9E66 /* HeaderTabCollectionCell.swift */,
			);
			path = Views;
			sourceTree = "<group>";
		};
		5454AD5124BDFF2D005E9E66 /* Databases */ = {
			isa = PBXGroup;
			children = (
				5454AD5224BE008E005E9E66 /* MyBookRecord.swift */,
			);
			path = Databases;
			sourceTree = "<group>";
		};
		5454AD5F24BEB1DD005E9E66 /* ViewControllers */ = {
			isa = PBXGroup;
			children = (
				54604C1124AF0EFC005E59E2 /* BookList */,
				54604C1224AF0F00005E59E2 /* BookDetail */,
			);
			path = ViewControllers;
			sourceTree = "<group>";
		};
		5454AD6024BEB6BC005E9E66 /* Theme */ = {
			isa = PBXGroup;
			children = (
				5454AD6124BEB6C7005E9E66 /* Theme.swift */,
			);
			path = Theme;
			sourceTree = "<group>";
		};
		5454AD6724BED689005E9E66 /* Models */ = {
			isa = PBXGroup;
			children = (
				54F6420F24BEE10B0033580A /* BookCollectionSpec.swift */,
				54F6421124BEE2CD0033580A /* TopCategorizedBookLineSpec.swift */,
				54F6421324BEE3B30033580A /* SubCategorizedBookLineSpec.swift */,
				5454AD6924BEDC97005E9E66 /* BookSpec.swift */,
			);
			path = Models;
			sourceTree = "<group>";
		};
		5454AD6B24BEDCAE005E9E66 /* Mocks */ = {
			isa = PBXGroup;
			children = (
				54A7968F24BF440A00DC4176 /* Data */,
				54F6420624BEDD830033580A /* book_all.json */,
			);
			path = Mocks;
			sourceTree = "<group>";
		};
		54604BD224AF0D23005E59E2 = {
			isa = PBXGroup;
			children = (
				54604BDD24AF0D23005E59E2 /* globee_kadai */,
				54604BF424AF0D25005E59E2 /* globee_kadaiTests */,
				54604BFF24AF0D25005E59E2 /* globee_kadaiUITests */,
				54604BDC24AF0D23005E59E2 /* Products */,
				540E8EE424AF136200CA4779 /* Frameworks */,
			);
			sourceTree = "<group>";
		};
		54604BDC24AF0D23005E59E2 /* Products */ = {
			isa = PBXGroup;
			children = (
				54604BDB24AF0D23005E59E2 /* globee_kadai.app */,
				54604BF124AF0D25005E59E2 /* globee_kadaiTests.xctest */,
				54604BFC24AF0D25005E59E2 /* globee_kadaiUITests.xctest */,
			);
			name = Products;
			sourceTree = "<group>";
		};
		54604BDD24AF0D23005E59E2 /* globee_kadai */ = {
			isa = PBXGroup;
			children = (
				54604C0F24AF0E85005E59E2 /* Libraries */,
				54604C1024AF0EA0005E59E2 /* Presentations */,
				540E8EEE24AF263100CA4779 /* Models */,
				54604C0E24AF0E76005E59E2 /* Data */,
				54604BE724AF0D25005E59E2 /* Assets.xcassets */,
				5454AD6324BEB8A6005E9E66 /* Colors.xcassets */,
				54604BE924AF0D25005E59E2 /* LaunchScreen.storyboard */,
				54604BEC24AF0D25005E59E2 /* Info.plist */,
			);
			path = globee_kadai;
			sourceTree = "<group>";
		};
		54604BF424AF0D25005E59E2 /* globee_kadaiTests */ = {
			isa = PBXGroup;
			children = (
				54A7968424BF3F4A00DC4176 /* Data */,
				54A7965724BF3C2A00DC4176 /* Libraries */,
				54F6420824BEDE1A0033580A /* Helpers */,
				5454AD6B24BEDCAE005E9E66 /* Mocks */,
				54F6421524BEE6EF0033580A /* ViewControllers */,
				5454AD6724BED689005E9E66 /* Models */,
				54604BF524AF0D25005E59E2 /* globee_kadaiTests.swift */,
				54604BF724AF0D25005E59E2 /* Info.plist */,
			);
			path = globee_kadaiTests;
			sourceTree = "<group>";
		};
		54604BFF24AF0D25005E59E2 /* globee_kadaiUITests */ = {
			isa = PBXGroup;
			children = (
				54604C0024AF0D25005E59E2 /* globee_kadaiUITests.swift */,
				54604C0224AF0D25005E59E2 /* Info.plist */,
			);
			path = globee_kadaiUITests;
			sourceTree = "<group>";
		};
		54604C0E24AF0E76005E59E2 /* Data */ = {
			isa = PBXGroup;
			children = (
				5454AD2B24BDA037005E9E66 /* Repositories */,
				5454AD5124BDFF2D005E9E66 /* Databases */,
				540E8EDE24AF10B200CA4779 /* Networks */,
			);
			path = Data;
			sourceTree = "<group>";
		};
		54604C0F24AF0E85005E59E2 /* Libraries */ = {
			isa = PBXGroup;
			children = (
				5454AD4724BDBF4D005E9E66 /* AttributedStringDecorator */,
				5454AD4224BDB57D005E9E66 /* Notificationable */,
				5454AD3524BDA580005E9E66 /* EzTask */,
				5454AD2E24BDA43C005E9E66 /* Cache */,
				5454AD1F24BCD67F005E9E66 /* Foundation+Extensions */,
				5454AD1124BCD64A005E9E66 /* UIKit+Extensions */,
				5454AD2224BD8E55005E9E66 /* SDWebImage+Extension.swift */,
			);
			path = Libraries;
			sourceTree = "<group>";
		};
		54604C1024AF0EA0005E59E2 /* Presentations */ = {
			isa = PBXGroup;
			children = (
				5454AD6024BEB6BC005E9E66 /* Theme */,
				5454AD5F24BEB1DD005E9E66 /* ViewControllers */,
				5454AD4A24BDC393005E9E66 /* Views */,
				54604BDE24AF0D23005E59E2 /* AppDelegate.swift */,
				54604BE024AF0D23005E59E2 /* SceneDelegate.swift */,
			);
			path = Presentations;
			sourceTree = "<group>";
		};
		54604C1124AF0EFC005E59E2 /* BookList */ = {
			isa = PBXGroup;
			children = (
				54604BE224AF0D23005E59E2 /* BookListTopViewController.swift */,
				540E8F0024B363C600CA4779 /* BookListTopViewController.storyboard */,
				54B74C7724B4F78200F6640D /* BookListPageViewController.swift */,
				540E8EFC24B2589A00CA4779 /* BookListViewController.swift */,
				540E8EFE24B258AA00CA4779 /* BookListViewController.storyboard */,
			);
			path = BookList;
			sourceTree = "<group>";
		};
		54604C1224AF0F00005E59E2 /* BookDetail */ = {
			isa = PBXGroup;
			children = (
				540E8EF824AF452C00CA4779 /* BookDetailViewController.swift */,
				5454AD6524BEBDAA005E9E66 /* BookDetailPresenter.swift */,
				5454AD4524BDB9E1005E9E66 /* BookDetailViewController.storyboard */,
			);
			path = BookDetail;
			sourceTree = "<group>";
		};
		54A7965724BF3C2A00DC4176 /* Libraries */ = {
			isa = PBXGroup;
			children = (
				54A7967B24BF3CDB00DC4176 /* UIKit+Extensions */,
				54A7966424BF3C9700DC4176 /* Foundation+Extensions */,
				54A7966124BF3C6400DC4176 /* Notificationable */,
				54A7965A24BF3C3700DC4176 /* Cache */,
				54A7965824BF3C3700DC4176 /* EzTask */,
			);
			path = Libraries;
			sourceTree = "<group>";
		};
		54A7965824BF3C3700DC4176 /* EzTask */ = {
			isa = PBXGroup;
			children = (
				54A7965924BF3C3700DC4176 /* EzTaskSpec.swift */,
			);
			path = EzTask;
			sourceTree = "<group>";
		};
		54A7965A24BF3C3700DC4176 /* Cache */ = {
			isa = PBXGroup;
			children = (
				54A7965C24BF3C3700DC4176 /* MemoryCacheSpec.swift */,
			);
			path = Cache;
			sourceTree = "<group>";
		};
		54A7966124BF3C6400DC4176 /* Notificationable */ = {
			isa = PBXGroup;
			children = (
				54A7966224BF3C6400DC4176 /* NotificationSpec.swift */,
			);
			path = Notificationable;
			sourceTree = "<group>";
		};
		54A7966424BF3C9700DC4176 /* Foundation+Extensions */ = {
			isa = PBXGroup;
			children = (
				54A7966724BF3CB900DC4176 /* NSNumber+ExtensionSpec.swift */,
				54A7966924BF3CB900DC4176 /* String+ExtensionSpec.swift */,
				54A7967E24BF3E3700DC4176 /* DateStringSpec.swift */,
				54A7968224BF3E7200DC4176 /* DictionaryExtensionSpec.swift */,
				54A7966A24BF3CB900DC4176 /* StringDateSpec.swift */,
				54A7966524BF3CB900DC4176 /* CollectionExtensionSpec.swift */,
				54A7966624BF3CB900DC4176 /* Int+ExtensionSpec.swift */,
				54A7966824BF3CB900DC4176 /* NSObjectProtocolClassNameSpec.swift */,
			);
			path = "Foundation+Extensions";
			sourceTree = "<group>";
		};
		54A7967B24BF3CDB00DC4176 /* UIKit+Extensions */ = {
			isa = PBXGroup;
			children = (
				54A7967524BF3CD500DC4176 /* NibableSpec.swift */,
				54A7967324BF3CD500DC4176 /* StoryboardableSpec.swift */,
				54A7967224BF3CD500DC4176 /* UICollectionViewCellSpec.swift */,
				54A7967124BF3CD500DC4176 /* UITableViewCellSpec.swift */,
				54A7967424BF3CD500DC4176 /* UIViewExtensionSpec.swift */,
			);
			path = "UIKit+Extensions";
			sourceTree = "<group>";
		};
		54A7968424BF3F4A00DC4176 /* Data */ = {
			isa = PBXGroup;
			children = (
				54A7969424BF444900DC4176 /* MyBookRepositorySpec.swift */,
			);
			name = Data;
			path = "../../nice-rearing/nice-rearingTests/Data";
			sourceTree = "<group>";
		};
		54A7968F24BF440A00DC4176 /* Data */ = {
			isa = PBXGroup;
			children = (
				54A7969324BF441400DC4176 /* FugaTableViewCell.xib */,
				54A7969124BF441400DC4176 /* CollectionHeaderView.xib */,
				54A7969224BF441400DC4176 /* FugaCollectionViewCell.xib */,
				54A7969024BF441400DC4176 /* HogeViewController.storyboard */,
			);
			path = Data;
			sourceTree = "<group>";
		};
		54F6420824BEDE1A0033580A /* Helpers */ = {
			isa = PBXGroup;
			children = (
				54F6420924BEDE310033580A /* BundleHelper.swift */,
				54F6421924BEE7A20033580A /* MockVerifyable.swift */,
				54F6421B24BEE8050033580A /* UIViewControllerMock.swift */,
			);
			path = Helpers;
			sourceTree = "<group>";
		};
		54F6421524BEE6EF0033580A /* ViewControllers */ = {
			isa = PBXGroup;
			children = (
				54F6421624BEE6FE0033580A /* BookDetail */,
			);
			path = ViewControllers;
			sourceTree = "<group>";
		};
		54F6421624BEE6FE0033580A /* BookDetail */ = {
			isa = PBXGroup;
			children = (
				54F6421724BEE7110033580A /* BookDetailPresenterSpec.swift */,
			);
			path = BookDetail;
			sourceTree = "<group>";
		};
/* End PBXGroup section */

/* Begin PBXNativeTarget section */
		54604BDA24AF0D23005E59E2 /* globee_kadai */ = {
			isa = PBXNativeTarget;
			buildConfigurationList = 54604C0524AF0D25005E59E2 /* Build configuration list for PBXNativeTarget "globee_kadai" */;
			buildPhases = (
				54604BD724AF0D23005E59E2 /* Sources */,
				54604BD824AF0D23005E59E2 /* Frameworks */,
				54604BD924AF0D23005E59E2 /* Resources */,
				540E8EE924AF137900CA4779 /* Carthage copy-frameworks */,
			);
			buildRules = (
			);
			dependencies = (
			);
			name = globee_kadai;
			productName = globee_kadai;
			productReference = 54604BDB24AF0D23005E59E2 /* globee_kadai.app */;
			productType = "com.apple.product-type.application";
		};
		54604BF024AF0D25005E59E2 /* globee_kadaiTests */ = {
			isa = PBXNativeTarget;
			buildConfigurationList = 54604C0824AF0D25005E59E2 /* Build configuration list for PBXNativeTarget "globee_kadaiTests" */;
			buildPhases = (
				54604BED24AF0D25005E59E2 /* Sources */,
				54604BEE24AF0D25005E59E2 /* Frameworks */,
				54604BEF24AF0D25005E59E2 /* Resources */,
				5454AD6824BEDB1F005E9E66 /* Carthage Copy-Frameworks */,
			);
			buildRules = (
			);
			dependencies = (
				54604BF324AF0D25005E59E2 /* PBXTargetDependency */,
			);
			name = globee_kadaiTests;
			productName = globee_kadaiTests;
			productReference = 54604BF124AF0D25005E59E2 /* globee_kadaiTests.xctest */;
			productType = "com.apple.product-type.bundle.unit-test";
		};
		54604BFB24AF0D25005E59E2 /* globee_kadaiUITests */ = {
			isa = PBXNativeTarget;
			buildConfigurationList = 54604C0B24AF0D25005E59E2 /* Build configuration list for PBXNativeTarget "globee_kadaiUITests" */;
			buildPhases = (
				54604BF824AF0D25005E59E2 /* Sources */,
				54604BF924AF0D25005E59E2 /* Frameworks */,
				54604BFA24AF0D25005E59E2 /* Resources */,
			);
			buildRules = (
			);
			dependencies = (
				54604BFE24AF0D25005E59E2 /* PBXTargetDependency */,
			);
			name = globee_kadaiUITests;
			productName = globee_kadaiUITests;
			productReference = 54604BFC24AF0D25005E59E2 /* globee_kadaiUITests.xctest */;
			productType = "com.apple.product-type.bundle.ui-testing";
		};
/* End PBXNativeTarget section */

/* Begin PBXProject section */
		54604BD324AF0D23005E59E2 /* Project object */ = {
			isa = PBXProject;
			attributes = {
				LastSwiftUpdateCheck = 1130;
				LastUpgradeCheck = 1130;
				ORGANIZATIONNAME = mothule;
				TargetAttributes = {
					54604BDA24AF0D23005E59E2 = {
						CreatedOnToolsVersion = 11.3.1;
					};
					54604BF024AF0D25005E59E2 = {
						CreatedOnToolsVersion = 11.3.1;
						TestTargetID = 54604BDA24AF0D23005E59E2;
					};
					54604BFB24AF0D25005E59E2 = {
						CreatedOnToolsVersion = 11.3.1;
						TestTargetID = 54604BDA24AF0D23005E59E2;
					};
				};
			};
			buildConfigurationList = 54604BD624AF0D23005E59E2 /* Build configuration list for PBXProject "globee_kadai" */;
			compatibilityVersion = "Xcode 9.3";
			developmentRegion = en;
			hasScannedForEncodings = 0;
			knownRegions = (
				en,
				Base,
			);
			mainGroup = 54604BD224AF0D23005E59E2;
			productRefGroup = 54604BDC24AF0D23005E59E2 /* Products */;
			projectDirPath = "";
			projectRoot = "";
			targets = (
				54604BDA24AF0D23005E59E2 /* globee_kadai */,
				54604BF024AF0D25005E59E2 /* globee_kadaiTests */,
				54604BFB24AF0D25005E59E2 /* globee_kadaiUITests */,
			);
		};
/* End PBXProject section */

/* Begin PBXResourcesBuildPhase section */
		54604BD924AF0D23005E59E2 /* Resources */ = {
			isa = PBXResourcesBuildPhase;
			buildActionMask = 2147483647;
			files = (
				540E8F0124B363C600CA4779 /* BookListTopViewController.storyboard in Resources */,
				54604BEB24AF0D25005E59E2 /* LaunchScreen.storyboard in Resources */,
				54604BE824AF0D25005E59E2 /* Assets.xcassets in Resources */,
				5454AD6424BEB8A6005E9E66 /* Colors.xcassets in Resources */,
				5454AD4624BDB9E1005E9E66 /* BookDetailViewController.storyboard in Resources */,
				540E8EFF24B258AA00CA4779 /* BookListViewController.storyboard in Resources */,
			);
			runOnlyForDeploymentPostprocessing = 0;
		};
		54604BEF24AF0D25005E59E2 /* Resources */ = {
			isa = PBXResourcesBuildPhase;
			buildActionMask = 2147483647;
			files = (
				54A7969624BF4ECA00DC4176 /* FugaTableViewCell.xib in Resources */,
				54A7969824BF4ECA00DC4176 /* FugaCollectionViewCell.xib in Resources */,
				54A7969924BF4ECA00DC4176 /* HogeViewController.storyboard in Resources */,
				54F6420724BEDD830033580A /* book_all.json in Resources */,
				54A7969724BF4ECA00DC4176 /* CollectionHeaderView.xib in Resources */,
			);
			runOnlyForDeploymentPostprocessing = 0;
		};
		54604BFA24AF0D25005E59E2 /* Resources */ = {
			isa = PBXResourcesBuildPhase;
			buildActionMask = 2147483647;
			files = (
			);
			runOnlyForDeploymentPostprocessing = 0;
		};
/* End PBXResourcesBuildPhase section */

/* Begin PBXShellScriptBuildPhase section */
		540E8EE924AF137900CA4779 /* Carthage copy-frameworks */ = {
			isa = PBXShellScriptBuildPhase;
			buildActionMask = 2147483647;
			files = (
			);
			inputFileListPaths = (
			);
			inputPaths = (
				"$(SRCROOT)/Carthage/Build/iOS/Alamofire.framework",
				"$(SRCROOT)/Carthage/Build/iOS/SwiftyJSON.framework",
				"$(SRCROOT)/Carthage/Build/iOS/SDWebImage.framework",
				"$(SRCROOT)/Carthage/Build/iOS/Realm.framework",
				"$(SRCROOT)/Carthage/Build/iOS/RealmSwift.framework",
				"$(SRCROOT)/Carthage/Build/iOS/PKHUD.framework",
			);
			name = "Carthage copy-frameworks";
			outputFileListPaths = (
			);
			outputPaths = (
				"$(BUILD_PRODUCTS_DIR)/$(FRAMEWORKS_FOLDER_PATH)/Alamofire.framework",
				"$(BUILD_PRODUCTS_DIR)/$(FRAMEWORKS_FOLDER_PATH)/SwiftyJSON.framework",
				"$(BUILD_PRODUCTS_DIR)/$(FRAMEWORKS_FOLDER_PATH)/SDWebImage.framework",
				"$(BUILD_PRODUCTS_DIR)/$(FRAMEWORKS_FOLDER_PATH)/Realm.framework",
				"$(BUILD_PRODUCTS_DIR)/$(FRAMEWORKS_FOLDER_PATH)/RealmSwift.framework",
				"$(BUILD_PRODUCTS_DIR)/$(FRAMEWORKS_FOLDER_PATH)/PKHUD.framework",
			);
			runOnlyForDeploymentPostprocessing = 0;
			shellPath = /bin/sh;
			shellScript = "# Type a script or drag a script file from your workspace to insert its path.\n/usr/local/bin/carthage copy-frameworks\n";
		};
		5454AD6824BEDB1F005E9E66 /* Carthage Copy-Frameworks */ = {
			isa = PBXShellScriptBuildPhase;
			buildActionMask = 2147483647;
			files = (
			);
			inputFileListPaths = (
			);
			inputPaths = (
				"$(SRCROOT)/Carthage/Build/iOS/Quick.framework",
				"$(SRCROOT)/Carthage/Build/iOS/Nimble.framework",
			);
			name = "Carthage Copy-Frameworks";
			outputFileListPaths = (
			);
			outputPaths = (
				"$(BUILD_PRODUCTS_DIR)/$(FRAMEWORKS_FOLDER_PATH)/Quick.framework",
				"$(BUILD_PRODUCTS_DIR)/$(FRAMEWORKS_FOLDER_PATH)/Nimble.framework",
			);
			runOnlyForDeploymentPostprocessing = 0;
			shellPath = /bin/sh;
			shellScript = "# Type a script or drag a script file from your workspace to insert its path.\n/usr/local/bin/carthage copy-frameworks\n";
		};
/* End PBXShellScriptBuildPhase section */

/* Begin PBXSourcesBuildPhase section */
		54604BD724AF0D23005E59E2 /* Sources */ = {
			isa = PBXSourcesBuildPhase;
			buildActionMask = 2147483647;
			files = (
				5454AD2D24BDA100005E9E66 /* BookCollectionRepository.swift in Sources */,
				5454AD4924BDBF4D005E9E66 /* AttributedStringDecorator.swift in Sources */,
				5454AD3724BDA596005E9E66 /* EzTask.swift in Sources */,
				54A7968124BF3E6200DC4176 /* Dictionary+Extension.swift in Sources */,
				5454AD2124BCD6B2005E9E66 /* NSObjectProtocol+ClassName.swift in Sources */,
				5454AD5324BE008E005E9E66 /* MyBookRecord.swift in Sources */,
				540E8EFB24AF70C100CA4779 /* UIView+Extension.swift in Sources */,
				5454AD3B24BDB347005E9E66 /* BookCollection.swift in Sources */,
				54604BE324AF0D23005E59E2 /* BookListTopViewController.swift in Sources */,
				5454AD1C24BCD64A005E9E66 /* Storyboardable.swift in Sources */,
				5454AD3224BDA4E5005E9E66 /* Int+Extension.swift in Sources */,
				54B74C7824B4F78200F6640D /* BookListPageViewController.swift in Sources */,
				5454AD3924BDB163005E9E66 /* String+Extension.swift in Sources */,
				540E8EE324AF129300CA4779 /* Collection+Extension.swift in Sources */,
				5454AD5C24BE43BE005E9E66 /* ProgressHUD.swift in Sources */,
				5454AD1B24BCD64A005E9E66 /* UICollectionView+Cell.swift in Sources */,
				5454AD1D24BCD64A005E9E66 /* Nibable.swift in Sources */,
				54604BDF24AF0D23005E59E2 /* AppDelegate.swift in Sources */,
				5454AD3D24BDB3D6005E9E66 /* TopCategorizedBookLine.swift in Sources */,
				5454AD5524BE03E1005E9E66 /* MyBookRepository.swift in Sources */,
				540E8EFD24B2589A00CA4779 /* BookListViewController.swift in Sources */,
				5454AD3F24BDB3EC005E9E66 /* SubCategorizedBookLine.swift in Sources */,
				5454AD4124BDB418005E9E66 /* Book.swift in Sources */,
				5454AD1A24BCD64A005E9E66 /* UITableView+Cell.swift in Sources */,
				540E8EF924AF452C00CA4779 /* BookDetailViewController.swift in Sources */,
				5454AD6224BEB6C7005E9E66 /* Theme.swift in Sources */,
				5454AD3424BDA500005E9E66 /* NSNumber+String.swift in Sources */,
				5454AD4C24BDC3AC005E9E66 /* BookImageView.swift in Sources */,
				54A7967D24BF3E1F00DC4176 /* Date+String.swift in Sources */,
				540E8EF024AF27D200CA4779 /* BookListGetRequest.swift in Sources */,
				540E8EF724AF2D4500CA4779 /* String+Date.swift in Sources */,
				540E8EEB24AF190D00CA4779 /* APIClient.swift in Sources */,
				540E8EF524AF2B5D00CA4779 /* TimeZone+Extension.swift in Sources */,
				5454AD3024BDA44A005E9E66 /* MemoryCache.swift in Sources */,
				5454AD5E24BEAA95005E9E66 /* HeaderTabCollectionCell.swift in Sources */,
				54A7965624BEF5C700DC4176 /* Locale+Extension.swift in Sources */,
				5454AD6624BEBDAA005E9E66 /* BookDetailPresenter.swift in Sources */,
				5454AD2324BD8E55005E9E66 /* SDWebImage+Extension.swift in Sources */,
				5454AD4424BDB599005E9E66 /* Notificationable.swift in Sources */,
				54604BE124AF0D23005E59E2 /* SceneDelegate.swift in Sources */,
			);
			runOnlyForDeploymentPostprocessing = 0;
		};
		54604BED24AF0D25005E59E2 /* Sources */ = {
			isa = PBXSourcesBuildPhase;
			buildActionMask = 2147483647;
			files = (
				54A7966C24BF3CB900DC4176 /* Int+ExtensionSpec.swift in Sources */,
				54A7967724BF3CD500DC4176 /* UICollectionViewCellSpec.swift in Sources */,
				54604BF624AF0D25005E59E2 /* globee_kadaiTests.swift in Sources */,
				54F6421824BEE7110033580A /* BookDetailPresenterSpec.swift in Sources */,
				54A7967F24BF3E3700DC4176 /* DateStringSpec.swift in Sources */,
				54A7966D24BF3CB900DC4176 /* NSNumber+ExtensionSpec.swift in Sources */,
				54F6421A24BEE7A20033580A /* MockVerifyable.swift in Sources */,
				54F6421C24BEE8050033580A /* UIViewControllerMock.swift in Sources */,
				54A7966F24BF3CB900DC4176 /* String+ExtensionSpec.swift in Sources */,
				54F6421024BEE10B0033580A /* BookCollectionSpec.swift in Sources */,
				54A7966B24BF3CB900DC4176 /* CollectionExtensionSpec.swift in Sources */,
				54A7966E24BF3CB900DC4176 /* NSObjectProtocolClassNameSpec.swift in Sources */,
				54F6421424BEE3B30033580A /* SubCategorizedBookLineSpec.swift in Sources */,
				54A7967824BF3CD500DC4176 /* StoryboardableSpec.swift in Sources */,
				54A7965E24BF3C3700DC4176 /* EzTaskSpec.swift in Sources */,
				54A7966024BF3C3700DC4176 /* MemoryCacheSpec.swift in Sources */,
				54F6420A24BEDE310033580A /* BundleHelper.swift in Sources */,
				54A7967924BF3CD500DC4176 /* UIViewExtensionSpec.swift in Sources */,
				54F6421224BEE2CD0033580A /* TopCategorizedBookLineSpec.swift in Sources */,
				54A7967624BF3CD500DC4176 /* UITableViewCellSpec.swift in Sources */,
				54A7967A24BF3CD500DC4176 /* NibableSpec.swift in Sources */,
				54A7968324BF3E7200DC4176 /* DictionaryExtensionSpec.swift in Sources */,
				54A7967024BF3CB900DC4176 /* StringDateSpec.swift in Sources */,
				5454AD6A24BEDC97005E9E66 /* BookSpec.swift in Sources */,
				54A7966324BF3C6400DC4176 /* NotificationSpec.swift in Sources */,
				54A7969524BF444900DC4176 /* MyBookRepositorySpec.swift in Sources */,
			);
			runOnlyForDeploymentPostprocessing = 0;
		};
		54604BF824AF0D25005E59E2 /* Sources */ = {
			isa = PBXSourcesBuildPhase;
			buildActionMask = 2147483647;
			files = (
				54604C0124AF0D25005E59E2 /* globee_kadaiUITests.swift in Sources */,
			);
			runOnlyForDeploymentPostprocessing = 0;
		};
/* End PBXSourcesBuildPhase section */

/* Begin PBXTargetDependency section */
		54604BF324AF0D25005E59E2 /* PBXTargetDependency */ = {
			isa = PBXTargetDependency;
			target = 54604BDA24AF0D23005E59E2 /* globee_kadai */;
			targetProxy = 54604BF224AF0D25005E59E2 /* PBXContainerItemProxy */;
		};
		54604BFE24AF0D25005E59E2 /* PBXTargetDependency */ = {
			isa = PBXTargetDependency;
			target = 54604BDA24AF0D23005E59E2 /* globee_kadai */;
			targetProxy = 54604BFD24AF0D25005E59E2 /* PBXContainerItemProxy */;
		};
/* End PBXTargetDependency section */

/* Begin PBXVariantGroup section */
		54604BE924AF0D25005E59E2 /* LaunchScreen.storyboard */ = {
			isa = PBXVariantGroup;
			children = (
				54604BEA24AF0D25005E59E2 /* Base */,
			);
			name = LaunchScreen.storyboard;
			sourceTree = "<group>";
		};
/* End PBXVariantGroup section */

/* Begin XCBuildConfiguration section */
		54604C0324AF0D25005E59E2 /* Debug */ = {
			isa = XCBuildConfiguration;
			buildSettings = {
				ALWAYS_SEARCH_USER_PATHS = NO;
				CLANG_ANALYZER_NONNULL = YES;
				CLANG_ANALYZER_NUMBER_OBJECT_CONVERSION = YES_AGGRESSIVE;
				CLANG_CXX_LANGUAGE_STANDARD = "gnu++14";
				CLANG_CXX_LIBRARY = "libc++";
				CLANG_ENABLE_MODULES = YES;
				CLANG_ENABLE_OBJC_ARC = YES;
				CLANG_ENABLE_OBJC_WEAK = YES;
				CLANG_WARN_BLOCK_CAPTURE_AUTORELEASING = YES;
				CLANG_WARN_BOOL_CONVERSION = YES;
				CLANG_WARN_COMMA = YES;
				CLANG_WARN_CONSTANT_CONVERSION = YES;
				CLANG_WARN_DEPRECATED_OBJC_IMPLEMENTATIONS = YES;
				CLANG_WARN_DIRECT_OBJC_ISA_USAGE = YES_ERROR;
				CLANG_WARN_DOCUMENTATION_COMMENTS = YES;
				CLANG_WARN_EMPTY_BODY = YES;
				CLANG_WARN_ENUM_CONVERSION = YES;
				CLANG_WARN_INFINITE_RECURSION = YES;
				CLANG_WARN_INT_CONVERSION = YES;
				CLANG_WARN_NON_LITERAL_NULL_CONVERSION = YES;
				CLANG_WARN_OBJC_IMPLICIT_RETAIN_SELF = YES;
				CLANG_WARN_OBJC_LITERAL_CONVERSION = YES;
				CLANG_WARN_OBJC_ROOT_CLASS = YES_ERROR;
				CLANG_WARN_RANGE_LOOP_ANALYSIS = YES;
				CLANG_WARN_STRICT_PROTOTYPES = YES;
				CLANG_WARN_SUSPICIOUS_MOVE = YES;
				CLANG_WARN_UNGUARDED_AVAILABILITY = YES_AGGRESSIVE;
				CLANG_WARN_UNREACHABLE_CODE = YES;
				CLANG_WARN__DUPLICATE_METHOD_MATCH = YES;
				COPY_PHASE_STRIP = NO;
				DEBUG_INFORMATION_FORMAT = dwarf;
				ENABLE_STRICT_OBJC_MSGSEND = YES;
				ENABLE_TESTABILITY = YES;
				GCC_C_LANGUAGE_STANDARD = gnu11;
				GCC_DYNAMIC_NO_PIC = NO;
				GCC_NO_COMMON_BLOCKS = YES;
				GCC_OPTIMIZATION_LEVEL = 0;
				GCC_PREPROCESSOR_DEFINITIONS = (
					"DEBUG=1",
					"$(inherited)",
				);
				GCC_WARN_64_TO_32_BIT_CONVERSION = YES;
				GCC_WARN_ABOUT_RETURN_TYPE = YES_ERROR;
				GCC_WARN_UNDECLARED_SELECTOR = YES;
				GCC_WARN_UNINITIALIZED_AUTOS = YES_AGGRESSIVE;
				GCC_WARN_UNUSED_FUNCTION = YES;
				GCC_WARN_UNUSED_VARIABLE = YES;
				IPHONEOS_DEPLOYMENT_TARGET = 13.2;
				MTL_ENABLE_DEBUG_INFO = INCLUDE_SOURCE;
				MTL_FAST_MATH = YES;
				ONLY_ACTIVE_ARCH = YES;
				SDKROOT = iphoneos;
				SWIFT_ACTIVE_COMPILATION_CONDITIONS = DEBUG;
				SWIFT_OPTIMIZATION_LEVEL = "-Onone";
			};
			name = Debug;
		};
		54604C0424AF0D25005E59E2 /* Release */ = {
			isa = XCBuildConfiguration;
			buildSettings = {
				ALWAYS_SEARCH_USER_PATHS = NO;
				CLANG_ANALYZER_NONNULL = YES;
				CLANG_ANALYZER_NUMBER_OBJECT_CONVERSION = YES_AGGRESSIVE;
				CLANG_CXX_LANGUAGE_STANDARD = "gnu++14";
				CLANG_CXX_LIBRARY = "libc++";
				CLANG_ENABLE_MODULES = YES;
				CLANG_ENABLE_OBJC_ARC = YES;
				CLANG_ENABLE_OBJC_WEAK = YES;
				CLANG_WARN_BLOCK_CAPTURE_AUTORELEASING = YES;
				CLANG_WARN_BOOL_CONVERSION = YES;
				CLANG_WARN_COMMA = YES;
				CLANG_WARN_CONSTANT_CONVERSION = YES;
				CLANG_WARN_DEPRECATED_OBJC_IMPLEMENTATIONS = YES;
				CLANG_WARN_DIRECT_OBJC_ISA_USAGE = YES_ERROR;
				CLANG_WARN_DOCUMENTATION_COMMENTS = YES;
				CLANG_WARN_EMPTY_BODY = YES;
				CLANG_WARN_ENUM_CONVERSION = YES;
				CLANG_WARN_INFINITE_RECURSION = YES;
				CLANG_WARN_INT_CONVERSION = YES;
				CLANG_WARN_NON_LITERAL_NULL_CONVERSION = YES;
				CLANG_WARN_OBJC_IMPLICIT_RETAIN_SELF = YES;
				CLANG_WARN_OBJC_LITERAL_CONVERSION = YES;
				CLANG_WARN_OBJC_ROOT_CLASS = YES_ERROR;
				CLANG_WARN_RANGE_LOOP_ANALYSIS = YES;
				CLANG_WARN_STRICT_PROTOTYPES = YES;
				CLANG_WARN_SUSPICIOUS_MOVE = YES;
				CLANG_WARN_UNGUARDED_AVAILABILITY = YES_AGGRESSIVE;
				CLANG_WARN_UNREACHABLE_CODE = YES;
				CLANG_WARN__DUPLICATE_METHOD_MATCH = YES;
				COPY_PHASE_STRIP = NO;
				DEBUG_INFORMATION_FORMAT = "dwarf-with-dsym";
				ENABLE_NS_ASSERTIONS = NO;
				ENABLE_STRICT_OBJC_MSGSEND = YES;
				GCC_C_LANGUAGE_STANDARD = gnu11;
				GCC_NO_COMMON_BLOCKS = YES;
				GCC_WARN_64_TO_32_BIT_CONVERSION = YES;
				GCC_WARN_ABOUT_RETURN_TYPE = YES_ERROR;
				GCC_WARN_UNDECLARED_SELECTOR = YES;
				GCC_WARN_UNINITIALIZED_AUTOS = YES_AGGRESSIVE;
				GCC_WARN_UNUSED_FUNCTION = YES;
				GCC_WARN_UNUSED_VARIABLE = YES;
				IPHONEOS_DEPLOYMENT_TARGET = 13.2;
				MTL_ENABLE_DEBUG_INFO = NO;
				MTL_FAST_MATH = YES;
				SDKROOT = iphoneos;
				SWIFT_COMPILATION_MODE = wholemodule;
				SWIFT_OPTIMIZATION_LEVEL = "-O";
				VALIDATE_PRODUCT = YES;
			};
			name = Release;
		};
		54604C0624AF0D25005E59E2 /* Debug */ = {
			isa = XCBuildConfiguration;
			buildSettings = {
				ASSETCATALOG_COMPILER_APPICON_NAME = AppIcon;
				CODE_SIGN_STYLE = Automatic;
				DEVELOPMENT_TEAM = BAH5C4U9W7;
				FRAMEWORK_SEARCH_PATHS = (
					"$(inherited)",
					"$(PROJECT_DIR)/Carthage/Build/iOS",
				);
				INFOPLIST_FILE = globee_kadai/Info.plist;
				IPHONEOS_DEPLOYMENT_TARGET = 12.4;
				LD_RUNPATH_SEARCH_PATHS = (
					"$(inherited)",
					"@executable_path/Frameworks",
				);
				PRODUCT_BUNDLE_IDENTIFIER = "jp.mothule.globee-kadai";
				PRODUCT_NAME = "$(TARGET_NAME)";
				SWIFT_VERSION = 5.0;
				TARGETED_DEVICE_FAMILY = 1;
			};
			name = Debug;
		};
		54604C0724AF0D25005E59E2 /* Release */ = {
			isa = XCBuildConfiguration;
			buildSettings = {
				ASSETCATALOG_COMPILER_APPICON_NAME = AppIcon;
				CODE_SIGN_STYLE = Automatic;
				DEVELOPMENT_TEAM = BAH5C4U9W7;
				FRAMEWORK_SEARCH_PATHS = (
					"$(inherited)",
					"$(PROJECT_DIR)/Carthage/Build/iOS",
				);
				INFOPLIST_FILE = globee_kadai/Info.plist;
				IPHONEOS_DEPLOYMENT_TARGET = 12.4;
				LD_RUNPATH_SEARCH_PATHS = (
					"$(inherited)",
					"@executable_path/Frameworks",
				);
				PRODUCT_BUNDLE_IDENTIFIER = "jp.mothule.globee-kadai";
				PRODUCT_NAME = "$(TARGET_NAME)";
				SWIFT_VERSION = 5.0;
				TARGETED_DEVICE_FAMILY = 1;
			};
			name = Release;
		};
		54604C0924AF0D25005E59E2 /* Debug */ = {
			isa = XCBuildConfiguration;
			buildSettings = {
				ALWAYS_EMBED_SWIFT_STANDARD_LIBRARIES = YES;
				BUNDLE_LOADER = "$(TEST_HOST)";
				CODE_SIGN_STYLE = Automatic;
				DEVELOPMENT_TEAM = BAH5C4U9W7;
				FRAMEWORK_SEARCH_PATHS = (
					"$(inherited)",
					"$(PROJECT_DIR)/Carthage/Build/iOS",
				);
				INFOPLIST_FILE = globee_kadaiTests/Info.plist;
				IPHONEOS_DEPLOYMENT_TARGET = 13.2;
				LD_RUNPATH_SEARCH_PATHS = (
					"$(inherited)",
					"@executable_path/Frameworks",
					"@loader_path/Frameworks",
				);
				PRODUCT_BUNDLE_IDENTIFIER = "jp.mothule.globee-kadaiTests";
				PRODUCT_NAME = "$(TARGET_NAME)";
				SWIFT_VERSION = 5.0;
				TARGETED_DEVICE_FAMILY = "1,2";
				TEST_HOST = "$(BUILT_PRODUCTS_DIR)/globee_kadai.app/globee_kadai";
			};
			name = Debug;
		};
		54604C0A24AF0D25005E59E2 /* Release */ = {
			isa = XCBuildConfiguration;
			buildSettings = {
				ALWAYS_EMBED_SWIFT_STANDARD_LIBRARIES = YES;
				BUNDLE_LOADER = "$(TEST_HOST)";
				CODE_SIGN_STYLE = Automatic;
				DEVELOPMENT_TEAM = BAH5C4U9W7;
				FRAMEWORK_SEARCH_PATHS = (
					"$(inherited)",
					"$(PROJECT_DIR)/Carthage/Build/iOS",
				);
				INFOPLIST_FILE = globee_kadaiTests/Info.plist;
				IPHONEOS_DEPLOYMENT_TARGET = 13.2;
				LD_RUNPATH_SEARCH_PATHS = (
					"$(inherited)",
					"@executable_path/Frameworks",
					"@loader_path/Frameworks",
				);
				PRODUCT_BUNDLE_IDENTIFIER = "jp.mothule.globee-kadaiTests";
				PRODUCT_NAME = "$(TARGET_NAME)";
				SWIFT_VERSION = 5.0;
				TARGETED_DEVICE_FAMILY = "1,2";
				TEST_HOST = "$(BUILT_PRODUCTS_DIR)/globee_kadai.app/globee_kadai";
			};
			name = Release;
		};
		54604C0C24AF0D25005E59E2 /* Debug */ = {
			isa = XCBuildConfiguration;
			buildSettings = {
				ALWAYS_EMBED_SWIFT_STANDARD_LIBRARIES = YES;
				CODE_SIGN_STYLE = Automatic;
				DEVELOPMENT_TEAM = BAH5C4U9W7;
				INFOPLIST_FILE = globee_kadaiUITests/Info.plist;
				LD_RUNPATH_SEARCH_PATHS = (
					"$(inherited)",
					"@executable_path/Frameworks",
					"@loader_path/Frameworks",
				);
				PRODUCT_BUNDLE_IDENTIFIER = "jp.mothule.globee-kadaiUITests";
				PRODUCT_NAME = "$(TARGET_NAME)";
				SWIFT_VERSION = 5.0;
				TARGETED_DEVICE_FAMILY = "1,2";
				TEST_TARGET_NAME = globee_kadai;
			};
			name = Debug;
		};
		54604C0D24AF0D25005E59E2 /* Release */ = {
			isa = XCBuildConfiguration;
			buildSettings = {
				ALWAYS_EMBED_SWIFT_STANDARD_LIBRARIES = YES;
				CODE_SIGN_STYLE = Automatic;
				DEVELOPMENT_TEAM = BAH5C4U9W7;
				INFOPLIST_FILE = globee_kadaiUITests/Info.plist;
				LD_RUNPATH_SEARCH_PATHS = (
					"$(inherited)",
					"@executable_path/Frameworks",
					"@loader_path/Frameworks",
				);
				PRODUCT_BUNDLE_IDENTIFIER = "jp.mothule.globee-kadaiUITests";
				PRODUCT_NAME = "$(TARGET_NAME)";
				SWIFT_VERSION = 5.0;
				TARGETED_DEVICE_FAMILY = "1,2";
				TEST_TARGET_NAME = globee_kadai;
			};
			name = Release;
		};
/* End XCBuildConfiguration section */

/* Begin XCConfigurationList section */
		54604BD624AF0D23005E59E2 /* Build configuration list for PBXProject "globee_kadai" */ = {
			isa = XCConfigurationList;
			buildConfigurations = (
				54604C0324AF0D25005E59E2 /* Debug */,
				54604C0424AF0D25005E59E2 /* Release */,
			);
			defaultConfigurationIsVisible = 0;
			defaultConfigurationName = Release;
		};
		54604C0524AF0D25005E59E2 /* Build configuration list for PBXNativeTarget "globee_kadai" */ = {
			isa = XCConfigurationList;
			buildConfigurations = (
				54604C0624AF0D25005E59E2 /* Debug */,
				54604C0724AF0D25005E59E2 /* Release */,
			);
			defaultConfigurationIsVisible = 0;
			defaultConfigurationName = Release;
		};
		54604C0824AF0D25005E59E2 /* Build configuration list for PBXNativeTarget "globee_kadaiTests" */ = {
			isa = XCConfigurationList;
			buildConfigurations = (
				54604C0924AF0D25005E59E2 /* Debug */,
				54604C0A24AF0D25005E59E2 /* Release */,
			);
			defaultConfigurationIsVisible = 0;
			defaultConfigurationName = Release;
		};
		54604C0B24AF0D25005E59E2 /* Build configuration list for PBXNativeTarget "globee_kadaiUITests" */ = {
			isa = XCConfigurationList;
			buildConfigurations = (
				54604C0C24AF0D25005E59E2 /* Debug */,
				54604C0D24AF0D25005E59E2 /* Release */,
			);
			defaultConfigurationIsVisible = 0;
			defaultConfigurationName = Release;
		};
/* End XCConfigurationList section */
	};
	rootObject = 54604BD324AF0D23005E59E2 /* Project object */;
}
